
Microsoft Visual Studio Solution File, Format Version 12.00
# Visual Studio Version 17
VisualStudioVersion = 17.14.35906.104 d17.14
MinimumVisualStudioVersion = 10.0.40219.1
Project("{FAE04EC0-301F-11D3-BF4B-00C04F79EFBC}") = "Gangster_duel", "Gangster_duel\Gangster_duel.csproj", "{D2731B1E-8A94-4E1A-AE6F-78E3FF627248}"
EndProject
Global
	GlobalSection(SolutionConfigurationPlatforms) = preSolution
		Debug|Any CPU = Debug|Any CPU
		Release|Any CPU = Release|Any CPU
	EndGlobalSection
	GlobalSection(ProjectConfigurationPlatforms) = postSolution
		{D2731B1E-8A94-4E1A-AE6F-78E3FF627248}.Debug|Any CPU.ActiveCfg = Debug|Any CPU
		{D2731B1E-8A94-4E1A-AE6F-78E3FF627248}.Debug|Any CPU.Build.0 = Debug|Any CPU
		{D2731B1E-8A94-4E1A-AE6F-78E3FF627248}.Release|Any CPU.ActiveCfg = Release|Any CPU
		{D2731B1E-8A94-4E1A-AE6F-78E3FF627248}.Release|Any CPU.Build.0 = Release|Any CPU
	EndGlobalSection
	GlobalSection(SolutionProperties) = preSolution
		HideSolutionNode = FALSE
	EndGlobalSection
	GlobalSection(ExtensibilityGlobals) = postSolution
		SolutionGuid = {33665D23-59E4-42D8-9923-9F94E95D67C5}
	EndGlobalSection
EndGlobal
